{
  "version": 4,
  "terraform_version": "1.1.7",
  "serial": 32,
  "lineage": "a777e117-d07c-7d03-1e93-d46ca329f775",
  "outputs": {
    "terraform_remote_state": {
      "value": {
        "dynamodb_table": "tf-remote-state-lock",
        "kms_key": "a94ee300-4f01-4001-97dd-c9fa14c9c41e",
        "state_bucket": "tf-remote-state20220401103228984300000002"
      },
      "type": [
        "object",
        {
          "dynamodb_table": "string",
          "kms_key": "string",
          "state_bucket": "string"
        }
      ]
    },
    "user_arn": {
      "value": "arn:aws:iam::009723183542:user/system/iamadmin",
      "type": "string"
    }
  },
  "resources": [
    {
      "mode": "data",
      "type": "aws_iam_policy",
      "name": "AdministratorAccess",
      "provider": "provider[\"registry.terraform.io/hashicorp/aws\"]",
      "instances": [
        {
          "schema_version": 0,
          "attributes": {
            "arn": "arn:aws:iam::aws:policy/AdministratorAccess",
            "description": "Provides full access to AWS services and resources.",
            "id": "arn:aws:iam::aws:policy/AdministratorAccess",
            "name": "AdministratorAccess",
            "path": "/",
            "path_prefix": null,
            "policy": "{\n  \"Version\": \"2012-10-17\",\n  \"Statement\": [\n    {\n      \"Effect\": \"Allow\",\n      \"Action\": \"*\",\n      \"Resource\": \"*\"\n    }\n  ]\n}",
            "policy_id": "ANPAIWMBCKSKIEE64ZLYK",
            "tags": {}
          },
          "sensitive_attributes": []
        }
      ]
    },
    {
      "mode": "managed",
      "type": "aws_iam_access_key",
      "name": "iamadmin_access_key",
      "provider": "provider[\"registry.terraform.io/hashicorp/aws\"]",
      "instances": [
        {
          "schema_version": 0,
          "attributes": {
            "create_date": "2022-04-01T10:32:29Z",
            "encrypted_secret": null,
            "encrypted_ses_smtp_password_v4": null,
            "id": "AKIAQEQ4MAG3CJD7GGVC",
            "key_fingerprint": null,
            "pgp_key": null,
            "secret": "Ss0eFKGty+2aaSCxIfpYKU6cK1tviWVNcZces8x8",
            "ses_smtp_password_v4": "BB6Uj5WEeT3cZKD9EQSDzim1nmMpZJ6p/QmKeVLHrTBI",
            "status": "Active",
            "user": "iamadmin"
          },
          "sensitive_attributes": [],
          "private": "bnVsbA==",
          "dependencies": [
            "aws_iam_user.iamadmin"
          ]
        }
      ]
    },
    {
      "mode": "managed",
      "type": "aws_iam_user",
      "name": "iamadmin",
      "provider": "provider[\"registry.terraform.io/hashicorp/aws\"]",
      "instances": [
        {
          "schema_version": 0,
          "attributes": {
            "arn": "arn:aws:iam::009723183542:user/system/iamadmin",
            "force_destroy": false,
            "id": "iamadmin",
            "name": "iamadmin",
            "path": "/system/",
            "permissions_boundary": null,
            "tags": {
              "Name": "admin"
            },
            "tags_all": {
              "Name": "admin"
            },
            "unique_id": "AIDAQEQ4MAG3OXKRTT55U"
          },
          "sensitive_attributes": [],
          "private": "bnVsbA=="
        }
      ]
    },
    {
      "mode": "managed",
      "type": "aws_iam_user_policy_attachment",
      "name": "aws_admin_policy_attach",
      "provider": "provider[\"registry.terraform.io/hashicorp/aws\"]",
      "instances": [
        {
          "schema_version": 0,
          "attributes": {
            "id": "iamadmin-20220401103229644500000003",
            "policy_arn": "arn:aws:iam::aws:policy/AdministratorAccess",
            "user": "iamadmin"
          },
          "sensitive_attributes": [],
          "private": "bnVsbA==",
          "dependencies": [
            "aws_iam_user.iamadmin",
            "data.aws_iam_policy.AdministratorAccess"
          ]
        }
      ]
    },
    {
      "module": "module.terraform_remote_state",
      "mode": "managed",
      "type": "aws_iam_user",
      "name": "terraform",
      "provider": "provider[\"registry.terraform.io/hashicorp/aws\"]",
      "instances": [
        {
          "schema_version": 0,
          "attributes": {
            "arn": "arn:aws:iam::009723183542:user/TerraformUser",
            "force_destroy": false,
            "id": "TerraformUser",
            "name": "TerraformUser",
            "path": "/",
            "permissions_boundary": null,
            "tags": {},
            "tags_all": {},
            "unique_id": "AIDAQEQ4MAG3PRNGKUV7T"
          },
          "sensitive_attributes": [],
          "private": "bnVsbA=="
        }
      ]
    },
    {
      "module": "module.terraform_remote_state",
      "mode": "managed",
      "type": "aws_iam_user_policy_attachment",
      "name": "remote_state_access",
      "provider": "provider[\"registry.terraform.io/hashicorp/aws\"]",
      "instances": [
        {
          "schema_version": 0,
          "attributes": {
            "id": "TerraformUser-20220401103247051500000006",
            "policy_arn": "arn:aws:iam::009723183542:policy/terraform20220401103246518600000005",
            "user": "TerraformUser"
          },
          "sensitive_attributes": [],
          "private": "bnVsbA==",
          "dependencies": [
            "module.terraform_remote_state.aws_iam_user.terraform",
            "module.terraform_remote_state.module.terraform_remote_state.aws_dynamodb_table.lock",
            "module.terraform_remote_state.module.terraform_remote_state.aws_iam_policy.terraform",
            "module.terraform_remote_state.module.terraform_remote_state.aws_kms_key.this",
            "module.terraform_remote_state.module.terraform_remote_state.aws_s3_bucket.state"
          ]
        }
      ]
    },
    {
      "module": "module.terraform_remote_state.module.terraform_remote_state",
      "mode": "data",
      "type": "aws_iam_policy_document",
      "name": "replica_force_ssl",
      "provider": "provider[\"registry.terraform.io/hashicorp/aws\"]",
      "instances": [
        {
          "index_key": 0,
          "schema_version": 0,
          "attributes": {
            "id": "1326394525",
            "json": "{\n  \"Version\": \"2012-10-17\",\n  \"Statement\": [\n    {\n      \"Sid\": \"AllowSSLRequestsOnly\",\n      \"Effect\": \"Deny\",\n      \"Action\": \"s3:*\",\n      \"Resource\": [\n        \"arn:aws:s3:::tf-remote-state-replica20220401103228581300000001/*\",\n        \"arn:aws:s3:::tf-remote-state-replica20220401103228581300000001\"\n      ],\n      \"Principal\": \"*\",\n      \"Condition\": {\n        \"Bool\": {\n          \"aws:SecureTransport\": \"false\"\n        }\n      }\n    }\n  ]\n}",
            "override_json": null,
            "override_policy_documents": null,
            "policy_id": null,
            "source_json": null,
            "source_policy_documents": null,
            "statement": [
              {
                "actions": [
                  "s3:*"
                ],
                "condition": [
                  {
                    "test": "Bool",
                    "values": [
                      "false"
                    ],
                    "variable": "aws:SecureTransport"
                  }
                ],
                "effect": "Deny",
                "not_actions": [],
                "not_principals": [],
                "not_resources": [],
                "principals": [
                  {
                    "identifiers": [
                      "*"
                    ],
                    "type": "*"
                  }
                ],
                "resources": [
                  "arn:aws:s3:::tf-remote-state-replica20220401103228581300000001",
                  "arn:aws:s3:::tf-remote-state-replica20220401103228581300000001/*"
                ],
                "sid": "AllowSSLRequestsOnly"
              }
            ],
            "version": "2012-10-17"
          },
          "sensitive_attributes": []
        }
      ]
    },
    {
      "module": "module.terraform_remote_state.module.terraform_remote_state",
      "mode": "data",
      "type": "aws_iam_policy_document",
      "name": "state_force_ssl",
      "provider": "provider[\"registry.terraform.io/hashicorp/aws\"]",
      "instances": [
        {
          "schema_version": 0,
          "attributes": {
            "id": "148574590",
            "json": "{\n  \"Version\": \"2012-10-17\",\n  \"Statement\": [\n    {\n      \"Sid\": \"AllowSSLRequestsOnly\",\n      \"Effect\": \"Deny\",\n      \"Action\": \"s3:*\",\n      \"Resource\": [\n        \"arn:aws:s3:::tf-remote-state20220401103228984300000002/*\",\n        \"arn:aws:s3:::tf-remote-state20220401103228984300000002\"\n      ],\n      \"Principal\": \"*\",\n      \"Condition\": {\n        \"Bool\": {\n          \"aws:SecureTransport\": \"false\"\n        }\n      }\n    }\n  ]\n}",
            "override_json": null,
            "override_policy_documents": null,
            "policy_id": null,
            "source_json": null,
            "source_policy_documents": null,
            "statement": [
              {
                "actions": [
                  "s3:*"
                ],
                "condition": [
                  {
                    "test": "Bool",
                    "values": [
                      "false"
                    ],
                    "variable": "aws:SecureTransport"
                  }
                ],
                "effect": "Deny",
                "not_actions": [],
                "not_principals": [],
                "not_resources": [],
                "principals": [
                  {
                    "identifiers": [
                      "*"
                    ],
                    "type": "*"
                  }
                ],
                "resources": [
                  "arn:aws:s3:::tf-remote-state20220401103228984300000002",
                  "arn:aws:s3:::tf-remote-state20220401103228984300000002/*"
                ],
                "sid": "AllowSSLRequestsOnly"
              }
            ],
            "version": "2012-10-17"
          },
          "sensitive_attributes": []
        }
      ]
    },
    {
      "module": "module.terraform_remote_state.module.terraform_remote_state",
      "mode": "data",
      "type": "aws_region",
      "name": "replica",
      "provider": "provider[\"registry.terraform.io/hashicorp/aws\"].replica",
      "instances": [
        {
          "index_key": 0,
          "schema_version": 0,
          "attributes": {
            "description": "US West (N. California)",
            "endpoint": "ec2.us-west-1.amazonaws.com",
            "id": "us-west-1",
            "name": "us-west-1"
          },
          "sensitive_attributes": []
        }
      ]
    },
    {
      "module": "module.terraform_remote_state.module.terraform_remote_state",
      "mode": "data",
      "type": "aws_region",
      "name": "state",
      "provider": "provider[\"registry.terraform.io/hashicorp/aws\"]",
      "instances": [
        {
          "schema_version": 0,
          "attributes": {
            "description": "US East (N. Virginia)",
            "endpoint": "ec2.us-east-1.amazonaws.com",
            "id": "us-east-1",
            "name": "us-east-1"
          },
          "sensitive_attributes": []
        }
      ]
    },
    {
      "module": "module.terraform_remote_state.module.terraform_remote_state",
      "mode": "managed",
      "type": "aws_dynamodb_table",
      "name": "lock",
      "provider": "provider[\"registry.terraform.io/hashicorp/aws\"]",
      "instances": [
        {
          "schema_version": 1,
          "attributes": {
            "arn": "arn:aws:dynamodb:us-east-1:009723183542:table/tf-remote-state-lock",
            "attribute": [
              {
                "name": "LockID",
                "type": "S"
              }
            ],
            "billing_mode": "PAY_PER_REQUEST",
            "global_secondary_index": [],
            "hash_key": "LockID",
            "id": "tf-remote-state-lock",
            "local_secondary_index": [],
            "name": "tf-remote-state-lock",
            "point_in_time_recovery": [
              {
                "enabled": true
              }
            ],
            "range_key": null,
            "read_capacity": 0,
            "replica": [],
            "restore_date_time": null,
            "restore_source_name": null,
            "restore_to_latest_time": null,
            "server_side_encryption": [],
            "stream_arn": "",
            "stream_enabled": false,
            "stream_label": "",
            "stream_view_type": "",
            "table_class": "",
            "tags": {
              "Terraform": "true"
            },
            "tags_all": {
              "Terraform": "true"
            },
            "timeouts": null,
            "ttl": [
              {
                "attribute_name": "",
                "enabled": false
              }
            ],
            "write_capacity": 0
          },
          "sensitive_attributes": [],
          "private": "eyJlMmJmYjczMC1lY2FhLTExZTYtOGY4OC0zNDM2M2JjN2M0YzAiOnsiY3JlYXRlIjoxODAwMDAwMDAwMDAwLCJkZWxldGUiOjYwMDAwMDAwMDAwMCwidXBkYXRlIjozNjAwMDAwMDAwMDAwfSwic2NoZW1hX3ZlcnNpb24iOiIxIn0=",
          "dependencies": [
            "module.terraform_remote_state.module.terraform_remote_state.aws_kms_key.this"
          ]
        }
      ]
    },
    {
      "module": "module.terraform_remote_state.module.terraform_remote_state",
      "mode": "managed",
      "type": "aws_iam_policy",
      "name": "replication",
      "provider": "provider[\"registry.terraform.io/hashicorp/aws\"]",
      "instances": [
        {
          "index_key": 0,
          "schema_version": 0,
          "attributes": {
            "arn": "arn:aws:iam::009723183542:policy/tf-remote-state-replication-policy20220401103238718900000004",
            "description": "",
            "id": "arn:aws:iam::009723183542:policy/tf-remote-state-replication-policy20220401103238718900000004",
            "name": "tf-remote-state-replication-policy20220401103238718900000004",
            "name_prefix": "tf-remote-state-replication-policy",
            "path": "/",
            "policy": "{\"Statement\":[{\"Action\":[\"s3:GetReplicationConfiguration\",\"s3:ListBucket\"],\"Effect\":\"Allow\",\"Resource\":[\"arn:aws:s3:::tf-remote-state20220401103228984300000002\"]},{\"Action\":[\"s3:GetObjectVersionForReplication\",\"s3:GetObjectVersionAcl\"],\"Effect\":\"Allow\",\"Resource\":[\"arn:aws:s3:::tf-remote-state20220401103228984300000002/*\"]},{\"Action\":[\"s3:ReplicateObject\",\"s3:ReplicateDelete\"],\"Effect\":\"Allow\",\"Resource\":\"arn:aws:s3:::tf-remote-state-replica20220401103228581300000001/*\"},{\"Action\":[\"kms:Decrypt\"],\"Condition\":{\"StringLike\":{\"kms:EncryptionContext:aws:s3:arn\":[\"arn:aws:s3:::tf-remote-state20220401103228984300000002/*\"],\"kms:ViaService\":\"s3.us-east-1.amazonaws.com\"}},\"Effect\":\"Allow\",\"Resource\":\"arn:aws:kms:us-east-1:009723183542:key/a94ee300-4f01-4001-97dd-c9fa14c9c41e\"},{\"Action\":[\"kms:Encrypt\",\"kms:GenerateDataKey\"],\"Condition\":{\"StringLike\":{\"kms:EncryptionContext:aws:s3:arn\":[\"arn:aws:s3:::tf-remote-state-replica20220401103228581300000001/*\"],\"kms:ViaService\":\"s3.us-west-1.amazonaws.com\"}},\"Effect\":\"Allow\",\"Resource\":\"arn:aws:kms:us-west-1:009723183542:key/43571ca1-77f2-4b2b-ad61-8c702d894356\"}],\"Version\":\"2012-10-17\"}",
            "policy_id": "ANPAQEQ4MAG3AFMENFGO2",
            "tags": {},
            "tags_all": {}
          },
          "sensitive_attributes": [],
          "private": "bnVsbA==",
          "dependencies": [
            "module.terraform_remote_state.module.terraform_remote_state.aws_kms_key.replica",
            "module.terraform_remote_state.module.terraform_remote_state.aws_kms_key.this",
            "module.terraform_remote_state.module.terraform_remote_state.aws_s3_bucket.replica",
            "module.terraform_remote_state.module.terraform_remote_state.aws_s3_bucket.state",
            "module.terraform_remote_state.module.terraform_remote_state.data.aws_region.replica",
            "module.terraform_remote_state.module.terraform_remote_state.data.aws_region.state"
          ]
        }
      ]
    },
    {
      "module": "module.terraform_remote_state.module.terraform_remote_state",
      "mode": "managed",
      "type": "aws_iam_policy",
      "name": "terraform",
      "provider": "provider[\"registry.terraform.io/hashicorp/aws\"]",
      "instances": [
        {
          "index_key": 0,
          "schema_version": 0,
          "attributes": {
            "arn": "arn:aws:iam::009723183542:policy/terraform20220401103246518600000005",
            "description": "",
            "id": "arn:aws:iam::009723183542:policy/terraform20220401103246518600000005",
            "name": "terraform20220401103246518600000005",
            "name_prefix": "terraform",
            "path": "/",
            "policy": "{\"Statement\":[{\"Action\":[\"s3:ListBucket\",\"s3:GetBucketVersioning\"],\"Effect\":\"Allow\",\"Resource\":\"arn:aws:s3:::tf-remote-state20220401103228984300000002\"},{\"Action\":[\"s3:GetObject\",\"s3:PutObject\"],\"Effect\":\"Allow\",\"Resource\":\"arn:aws:s3:::tf-remote-state20220401103228984300000002/*\"},{\"Action\":[\"dynamodb:GetItem\",\"dynamodb:PutItem\",\"dynamodb:DeleteItem\",\"dynamodb:DescribeTable\"],\"Effect\":\"Allow\",\"Resource\":\"arn:aws:dynamodb:us-east-1:009723183542:table/tf-remote-state-lock\"},{\"Action\":[\"kms:ListKeys\"],\"Effect\":\"Allow\",\"Resource\":\"*\"},{\"Action\":[\"kms:Encrypt\",\"kms:Decrypt\",\"kms:DescribeKey\",\"kms:GenerateDataKey\"],\"Effect\":\"Allow\",\"Resource\":\"arn:aws:kms:us-east-1:009723183542:key/a94ee300-4f01-4001-97dd-c9fa14c9c41e\"}],\"Version\":\"2012-10-17\"}",
            "policy_id": "ANPAQEQ4MAG3ASTBF34R7",
            "tags": {},
            "tags_all": {}
          },
          "sensitive_attributes": [],
          "private": "bnVsbA==",
          "dependencies": [
            "module.terraform_remote_state.module.terraform_remote_state.aws_dynamodb_table.lock",
            "module.terraform_remote_state.module.terraform_remote_state.aws_kms_key.this",
            "module.terraform_remote_state.module.terraform_remote_state.aws_s3_bucket.state"
          ]
        }
      ]
    },
    {
      "module": "module.terraform_remote_state.module.terraform_remote_state",
      "mode": "managed",
      "type": "aws_iam_policy_attachment",
      "name": "replication",
      "provider": "provider[\"registry.terraform.io/hashicorp/aws\"]",
      "instances": [
        {
          "index_key": 0,
          "schema_version": 0,
          "attributes": {
            "groups": [],
            "id": "tf-iam-role-attachment-replication-configuration",
            "name": "tf-iam-role-attachment-replication-configuration",
            "policy_arn": "arn:aws:iam::009723183542:policy/tf-remote-state-replication-policy20220401103238718900000004",
            "roles": [
              "tf-remote-state-replication-role20220401103228976700000001"
            ],
            "users": []
          },
          "sensitive_attributes": [],
          "private": "bnVsbA==",
          "dependencies": [
            "module.terraform_remote_state.module.terraform_remote_state.aws_iam_policy.replication",
            "module.terraform_remote_state.module.terraform_remote_state.aws_iam_role.replication",
            "module.terraform_remote_state.module.terraform_remote_state.aws_kms_key.replica",
            "module.terraform_remote_state.module.terraform_remote_state.aws_kms_key.this",
            "module.terraform_remote_state.module.terraform_remote_state.aws_s3_bucket.replica",
            "module.terraform_remote_state.module.terraform_remote_state.aws_s3_bucket.state",
            "module.terraform_remote_state.module.terraform_remote_state.data.aws_region.replica",
            "module.terraform_remote_state.module.terraform_remote_state.data.aws_region.state"
          ]
        }
      ]
    },
    {
      "module": "module.terraform_remote_state.module.terraform_remote_state",
      "mode": "managed",
      "type": "aws_iam_role",
      "name": "replication",
      "provider": "provider[\"registry.terraform.io/hashicorp/aws\"]",
      "instances": [
        {
          "index_key": 0,
          "schema_version": 0,
          "attributes": {
            "arn": "arn:aws:iam::009723183542:role/tf-remote-state-replication-role20220401103228976700000001",
            "assume_role_policy": "{\"Version\":\"2012-10-17\",\"Statement\":[{\"Effect\":\"Allow\",\"Principal\":{\"Service\":\"s3.amazonaws.com\"},\"Action\":\"sts:AssumeRole\"}]}",
            "create_date": "2022-04-01T10:32:29Z",
            "description": "",
            "force_detach_policies": false,
            "id": "tf-remote-state-replication-role20220401103228976700000001",
            "inline_policy": [
              {
                "name": "",
                "policy": ""
              }
            ],
            "managed_policy_arns": [
              "arn:aws:iam::009723183542:policy/tf-remote-state-replication-policy20220401103238718900000004"
            ],
            "max_session_duration": 3600,
            "name": "tf-remote-state-replication-role20220401103228976700000001",
            "name_prefix": "tf-remote-state-replication-role",
            "path": "/",
            "permissions_boundary": null,
            "tags": {
              "Terraform": "true"
            },
            "tags_all": {
              "Terraform": "true"
            },
            "unique_id": "AROAQEQ4MAG3NVZW5OVJX"
          },
          "sensitive_attributes": [],
          "private": "bnVsbA=="
        }
      ]
    },
    {
      "module": "module.terraform_remote_state.module.terraform_remote_state",
      "mode": "managed",
      "type": "aws_kms_key",
      "name": "replica",
      "provider": "provider[\"registry.terraform.io/hashicorp/aws\"].replica",
      "instances": [
        {
          "index_key": 0,
          "schema_version": 0,
          "attributes": {
            "arn": "arn:aws:kms:us-west-1:009723183542:key/43571ca1-77f2-4b2b-ad61-8c702d894356",
            "bypass_policy_lockout_safety_check": false,
            "customer_master_key_spec": "SYMMETRIC_DEFAULT",
            "deletion_window_in_days": 30,
            "description": "The key used to encrypt the remote state bucket.",
            "enable_key_rotation": true,
            "id": "43571ca1-77f2-4b2b-ad61-8c702d894356",
            "is_enabled": true,
            "key_id": "43571ca1-77f2-4b2b-ad61-8c702d894356",
            "key_usage": "ENCRYPT_DECRYPT",
            "multi_region": false,
            "policy": "{\"Id\":\"key-default-1\",\"Statement\":[{\"Action\":\"kms:*\",\"Effect\":\"Allow\",\"Principal\":{\"AWS\":\"arn:aws:iam::009723183542:root\"},\"Resource\":\"*\",\"Sid\":\"Enable IAM User Permissions\"}],\"Version\":\"2012-10-17\"}",
            "tags": {
              "Terraform": "true"
            },
            "tags_all": {
              "Terraform": "true"
            }
          },
          "sensitive_attributes": [],
          "private": "bnVsbA=="
        }
      ]
    },
    {
      "module": "module.terraform_remote_state.module.terraform_remote_state",
      "mode": "managed",
      "type": "aws_kms_key",
      "name": "this",
      "provider": "provider[\"registry.terraform.io/hashicorp/aws\"]",
      "instances": [
        {
          "schema_version": 0,
          "attributes": {
            "arn": "arn:aws:kms:us-east-1:009723183542:key/a94ee300-4f01-4001-97dd-c9fa14c9c41e",
            "bypass_policy_lockout_safety_check": false,
            "customer_master_key_spec": "SYMMETRIC_DEFAULT",
            "deletion_window_in_days": 30,
            "description": "The key used to encrypt the remote state bucket.",
            "enable_key_rotation": true,
            "id": "a94ee300-4f01-4001-97dd-c9fa14c9c41e",
            "is_enabled": true,
            "key_id": "a94ee300-4f01-4001-97dd-c9fa14c9c41e",
            "key_usage": "ENCRYPT_DECRYPT",
            "multi_region": false,
            "policy": "{\"Id\":\"key-default-1\",\"Statement\":[{\"Action\":\"kms:*\",\"Effect\":\"Allow\",\"Principal\":{\"AWS\":\"arn:aws:iam::009723183542:root\"},\"Resource\":\"*\",\"Sid\":\"Enable IAM User Permissions\"}],\"Version\":\"2012-10-17\"}",
            "tags": {
              "Terraform": "true"
            },
            "tags_all": {
              "Terraform": "true"
            }
          },
          "sensitive_attributes": [],
          "private": "bnVsbA=="
        }
      ]
    },
    {
      "module": "module.terraform_remote_state.module.terraform_remote_state",
      "mode": "managed",
      "type": "aws_s3_bucket",
      "name": "replica",
      "provider": "provider[\"registry.terraform.io/hashicorp/aws\"].replica",
      "instances": [
        {
          "index_key": 0,
          "schema_version": 0,
          "attributes": {
            "acceleration_status": "",
            "acl": "private",
            "arn": "arn:aws:s3:::tf-remote-state-replica20220401103228581300000001",
            "bucket": "tf-remote-state-replica20220401103228581300000001",
            "bucket_domain_name": "tf-remote-state-replica20220401103228581300000001.s3.amazonaws.com",
            "bucket_prefix": "tf-remote-state-replica",
            "bucket_regional_domain_name": "tf-remote-state-replica20220401103228581300000001.s3.us-west-1.amazonaws.com",
            "cors_rule": [],
            "force_destroy": false,
            "grant": [],
            "hosted_zone_id": "Z2F56UZL2M1ACD",
            "id": "tf-remote-state-replica20220401103228581300000001",
            "lifecycle_rule": [
              {
                "abort_incomplete_multipart_upload_days": 0,
                "enabled": true,
                "expiration": [],
                "id": "auto-archive",
                "noncurrent_version_expiration": [],
                "noncurrent_version_transition": [
                  {
                    "days": 7,
                    "storage_class": "GLACIER"
                  }
                ],
                "prefix": "",
                "tags": {},
                "transition": []
              }
            ],
            "logging": [],
            "object_lock_configuration": [],
            "object_lock_enabled": false,
            "policy": "{\"Version\":\"2012-10-17\",\"Statement\":[{\"Sid\":\"AllowSSLRequestsOnly\",\"Effect\":\"Deny\",\"Principal\":\"*\",\"Action\":\"s3:*\",\"Resource\":[\"arn:aws:s3:::tf-remote-state-replica20220401103228581300000001/*\",\"arn:aws:s3:::tf-remote-state-replica20220401103228581300000001\"],\"Condition\":{\"Bool\":{\"aws:SecureTransport\":\"false\"}}}]}",
            "region": "us-west-1",
            "replication_configuration": [],
            "request_payer": "BucketOwner",
            "server_side_encryption_configuration": [
              {
                "rule": [
                  {
                    "apply_server_side_encryption_by_default": [
                      {
                        "kms_master_key_id": "arn:aws:kms:us-west-1:009723183542:key/43571ca1-77f2-4b2b-ad61-8c702d894356",
                        "sse_algorithm": "aws:kms"
                      }
                    ],
                    "bucket_key_enabled": false
                  }
                ]
              }
            ],
            "tags": {
              "Terraform": "true"
            },
            "tags_all": {
              "Terraform": "true"
            },
            "versioning": [
              {
                "enabled": true,
                "mfa_delete": false
              }
            ],
            "website": [],
            "website_domain": null,
            "website_endpoint": null
          },
          "sensitive_attributes": [],
          "private": "bnVsbA=="
        }
      ]
    },
    {
      "module": "module.terraform_remote_state.module.terraform_remote_state",
      "mode": "managed",
      "type": "aws_s3_bucket",
      "name": "state",
      "provider": "provider[\"registry.terraform.io/hashicorp/aws\"]",
      "instances": [
        {
          "schema_version": 0,
          "attributes": {
            "acceleration_status": "",
            "acl": "private",
            "arn": "arn:aws:s3:::tf-remote-state20220401103228984300000002",
            "bucket": "tf-remote-state20220401103228984300000002",
            "bucket_domain_name": "tf-remote-state20220401103228984300000002.s3.amazonaws.com",
            "bucket_prefix": "tf-remote-state",
            "bucket_regional_domain_name": "tf-remote-state20220401103228984300000002.s3.amazonaws.com",
            "cors_rule": [],
            "force_destroy": false,
            "grant": [],
            "hosted_zone_id": "Z3AQBSTGFYJSTF",
            "id": "tf-remote-state20220401103228984300000002",
            "lifecycle_rule": [
              {
                "abort_incomplete_multipart_upload_days": 0,
                "enabled": true,
                "expiration": [],
                "id": "auto-archive",
                "noncurrent_version_expiration": [],
                "noncurrent_version_transition": [
                  {
                    "days": 7,
                    "storage_class": "GLACIER"
                  }
                ],
                "prefix": "",
                "tags": {},
                "transition": []
              }
            ],
            "logging": [],
            "object_lock_configuration": [],
            "object_lock_enabled": false,
            "policy": "{\"Version\":\"2012-10-17\",\"Statement\":[{\"Sid\":\"AllowSSLRequestsOnly\",\"Effect\":\"Deny\",\"Principal\":\"*\",\"Action\":\"s3:*\",\"Resource\":[\"arn:aws:s3:::tf-remote-state20220401103228984300000002/*\",\"arn:aws:s3:::tf-remote-state20220401103228984300000002\"],\"Condition\":{\"Bool\":{\"aws:SecureTransport\":\"false\"}}}]}",
            "region": "us-east-1",
            "replication_configuration": [
              {
                "role": "arn:aws:iam::009723183542:role/tf-remote-state-replication-role20220401103228976700000001",
                "rules": [
                  {
                    "delete_marker_replication_status": "",
                    "destination": [
                      {
                        "access_control_translation": [],
                        "account_id": "",
                        "bucket": "arn:aws:s3:::tf-remote-state-replica20220401103228581300000001",
                        "metrics": [],
                        "replica_kms_key_id": "arn:aws:kms:us-west-1:009723183542:key/43571ca1-77f2-4b2b-ad61-8c702d894356",
                        "replication_time": [],
                        "storage_class": "STANDARD"
                      }
                    ],
                    "filter": [],
                    "id": "replica_configuration",
                    "prefix": "",
                    "priority": 0,
                    "source_selection_criteria": [
                      {
                        "sse_kms_encrypted_objects": [
                          {
                            "enabled": true
                          }
                        ]
                      }
                    ],
                    "status": "Enabled"
                  }
                ]
              }
            ],
            "request_payer": "BucketOwner",
            "server_side_encryption_configuration": [
              {
                "rule": [
                  {
                    "apply_server_side_encryption_by_default": [
                      {
                        "kms_master_key_id": "arn:aws:kms:us-east-1:009723183542:key/a94ee300-4f01-4001-97dd-c9fa14c9c41e",
                        "sse_algorithm": "aws:kms"
                      }
                    ],
                    "bucket_key_enabled": false
                  }
                ]
              }
            ],
            "tags": {
              "Terraform": "true"
            },
            "tags_all": {
              "Terraform": "true"
            },
            "versioning": [
              {
                "enabled": true,
                "mfa_delete": false
              }
            ],
            "website": [],
            "website_domain": null,
            "website_endpoint": null
          },
          "sensitive_attributes": [],
          "private": "bnVsbA=="
        }
      ]
    },
    {
      "module": "module.terraform_remote_state.module.terraform_remote_state",
      "mode": "managed",
      "type": "aws_s3_bucket_acl",
      "name": "replica",
      "provider": "provider[\"registry.terraform.io/hashicorp/aws\"].replica",
      "instances": [
        {
          "index_key": 0,
          "schema_version": 0,
          "attributes": {
            "access_control_policy": [
              {
                "grant": [
                  {
                    "grantee": [
                      {
                        "display_name": "allanhsu324",
                        "email_address": "",
                        "id": "37aae784a90e32af7619fafd4904d05a39752f2af1a7982d113c6c04fd3f7f7b",
                        "type": "CanonicalUser",
                        "uri": ""
                      }
                    ],
                    "permission": "FULL_CONTROL"
                  }
                ],
                "owner": [
                  {
                    "display_name": "allanhsu324",
                    "id": "37aae784a90e32af7619fafd4904d05a39752f2af1a7982d113c6c04fd3f7f7b"
                  }
                ]
              }
            ],
            "acl": "private",
            "bucket": "tf-remote-state-replica20220401103228581300000001",
            "expected_bucket_owner": "",
            "id": "tf-remote-state-replica20220401103228581300000001,private"
          },
          "sensitive_attributes": [],
          "private": "bnVsbA==",
          "dependencies": [
            "module.terraform_remote_state.module.terraform_remote_state.aws_s3_bucket.replica"
          ]
        }
      ]
    },
    {
      "module": "module.terraform_remote_state.module.terraform_remote_state",
      "mode": "managed",
      "type": "aws_s3_bucket_acl",
      "name": "state",
      "provider": "provider[\"registry.terraform.io/hashicorp/aws\"]",
      "instances": [
        {
          "schema_version": 0,
          "attributes": {
            "access_control_policy": [
              {
                "grant": [
                  {
                    "grantee": [
                      {
                        "display_name": "allanhsu324",
                        "email_address": "",
                        "id": "37aae784a90e32af7619fafd4904d05a39752f2af1a7982d113c6c04fd3f7f7b",
                        "type": "CanonicalUser",
                        "uri": ""
                      }
                    ],
                    "permission": "FULL_CONTROL"
                  }
                ],
                "owner": [
                  {
                    "display_name": "allanhsu324",
                    "id": "37aae784a90e32af7619fafd4904d05a39752f2af1a7982d113c6c04fd3f7f7b"
                  }
                ]
              }
            ],
            "acl": "private",
            "bucket": "tf-remote-state20220401103228984300000002",
            "expected_bucket_owner": "",
            "id": "tf-remote-state20220401103228984300000002,private"
          },
          "sensitive_attributes": [],
          "private": "bnVsbA==",
          "dependencies": [
            "module.terraform_remote_state.module.terraform_remote_state.aws_s3_bucket.state"
          ]
        }
      ]
    },
    {
      "module": "module.terraform_remote_state.module.terraform_remote_state",
      "mode": "managed",
      "type": "aws_s3_bucket_lifecycle_configuration",
      "name": "replica",
      "provider": "provider[\"registry.terraform.io/hashicorp/aws\"].replica",
      "instances": [
        {
          "index_key": 0,
          "schema_version": 0,
          "attributes": {
            "bucket": "tf-remote-state-replica20220401103228581300000001",
            "expected_bucket_owner": "",
            "id": "tf-remote-state-replica20220401103228581300000001",
            "rule": [
              {
                "abort_incomplete_multipart_upload": [],
                "expiration": [],
                "filter": [
                  {
                    "and": [],
                    "object_size_greater_than": "",
                    "object_size_less_than": "",
                    "prefix": "",
                    "tag": []
                  }
                ],
                "id": "auto-archive",
                "noncurrent_version_expiration": [],
                "noncurrent_version_transition": [
                  {
                    "newer_noncurrent_versions": "",
                    "noncurrent_days": 7,
                    "storage_class": "GLACIER"
                  }
                ],
                "prefix": "",
                "status": "Enabled",
                "transition": []
              }
            ]
          },
          "sensitive_attributes": [],
          "private": "bnVsbA==",
          "dependencies": [
            "module.terraform_remote_state.module.terraform_remote_state.aws_s3_bucket.replica"
          ]
        }
      ]
    },
    {
      "module": "module.terraform_remote_state.module.terraform_remote_state",
      "mode": "managed",
      "type": "aws_s3_bucket_lifecycle_configuration",
      "name": "state",
      "provider": "provider[\"registry.terraform.io/hashicorp/aws\"]",
      "instances": [
        {
          "index_key": 0,
          "schema_version": 0,
          "attributes": {
            "bucket": "tf-remote-state20220401103228984300000002",
            "expected_bucket_owner": "",
            "id": "tf-remote-state20220401103228984300000002",
            "rule": [
              {
                "abort_incomplete_multipart_upload": [],
                "expiration": [],
                "filter": [
                  {
                    "and": [],
                    "object_size_greater_than": "",
                    "object_size_less_than": "",
                    "prefix": "",
                    "tag": []
                  }
                ],
                "id": "auto-archive",
                "noncurrent_version_expiration": [],
                "noncurrent_version_transition": [
                  {
                    "newer_noncurrent_versions": "",
                    "noncurrent_days": 7,
                    "storage_class": "GLACIER"
                  }
                ],
                "prefix": "",
                "status": "Enabled",
                "transition": []
              }
            ]
          },
          "sensitive_attributes": [],
          "private": "bnVsbA==",
          "dependencies": [
            "module.terraform_remote_state.module.terraform_remote_state.aws_s3_bucket.state"
          ]
        }
      ]
    },
    {
      "module": "module.terraform_remote_state.module.terraform_remote_state",
      "mode": "managed",
      "type": "aws_s3_bucket_policy",
      "name": "replica_force_ssl",
      "provider": "provider[\"registry.terraform.io/hashicorp/aws\"].replica",
      "instances": [
        {
          "index_key": 0,
          "schema_version": 0,
          "attributes": {
            "bucket": "tf-remote-state-replica20220401103228581300000001",
            "id": "tf-remote-state-replica20220401103228581300000001",
            "policy": "{\"Statement\":[{\"Action\":\"s3:*\",\"Condition\":{\"Bool\":{\"aws:SecureTransport\":\"false\"}},\"Effect\":\"Deny\",\"Principal\":\"*\",\"Resource\":[\"arn:aws:s3:::tf-remote-state-replica20220401103228581300000001/*\",\"arn:aws:s3:::tf-remote-state-replica20220401103228581300000001\"],\"Sid\":\"AllowSSLRequestsOnly\"}],\"Version\":\"2012-10-17\"}"
          },
          "sensitive_attributes": [],
          "private": "bnVsbA==",
          "dependencies": [
            "module.terraform_remote_state.module.terraform_remote_state.aws_s3_bucket.replica",
            "module.terraform_remote_state.module.terraform_remote_state.aws_s3_bucket_public_access_block.replica",
            "module.terraform_remote_state.module.terraform_remote_state.data.aws_iam_policy_document.replica_force_ssl"
          ]
        }
      ]
    },
    {
      "module": "module.terraform_remote_state.module.terraform_remote_state",
      "mode": "managed",
      "type": "aws_s3_bucket_policy",
      "name": "state_force_ssl",
      "provider": "provider[\"registry.terraform.io/hashicorp/aws\"]",
      "instances": [
        {
          "schema_version": 0,
          "attributes": {
            "bucket": "tf-remote-state20220401103228984300000002",
            "id": "tf-remote-state20220401103228984300000002",
            "policy": "{\"Statement\":[{\"Action\":\"s3:*\",\"Condition\":{\"Bool\":{\"aws:SecureTransport\":\"false\"}},\"Effect\":\"Deny\",\"Principal\":\"*\",\"Resource\":[\"arn:aws:s3:::tf-remote-state20220401103228984300000002/*\",\"arn:aws:s3:::tf-remote-state20220401103228984300000002\"],\"Sid\":\"AllowSSLRequestsOnly\"}],\"Version\":\"2012-10-17\"}"
          },
          "sensitive_attributes": [],
          "private": "bnVsbA==",
          "dependencies": [
            "module.terraform_remote_state.module.terraform_remote_state.aws_s3_bucket.state",
            "module.terraform_remote_state.module.terraform_remote_state.aws_s3_bucket_public_access_block.state",
            "module.terraform_remote_state.module.terraform_remote_state.data.aws_iam_policy_document.state_force_ssl"
          ]
        }
      ]
    },
    {
      "module": "module.terraform_remote_state.module.terraform_remote_state",
      "mode": "managed",
      "type": "aws_s3_bucket_public_access_block",
      "name": "replica",
      "provider": "provider[\"registry.terraform.io/hashicorp/aws\"].replica",
      "instances": [
        {
          "index_key": 0,
          "schema_version": 0,
          "attributes": {
            "block_public_acls": true,
            "block_public_policy": true,
            "bucket": "tf-remote-state-replica20220401103228581300000001",
            "id": "tf-remote-state-replica20220401103228581300000001",
            "ignore_public_acls": true,
            "restrict_public_buckets": true
          },
          "sensitive_attributes": [],
          "private": "bnVsbA==",
          "dependencies": [
            "module.terraform_remote_state.module.terraform_remote_state.aws_s3_bucket.replica"
          ]
        }
      ]
    },
    {
      "module": "module.terraform_remote_state.module.terraform_remote_state",
      "mode": "managed",
      "type": "aws_s3_bucket_public_access_block",
      "name": "state",
      "provider": "provider[\"registry.terraform.io/hashicorp/aws\"]",
      "instances": [
        {
          "schema_version": 0,
          "attributes": {
            "block_public_acls": true,
            "block_public_policy": true,
            "bucket": "tf-remote-state20220401103228984300000002",
            "id": "tf-remote-state20220401103228984300000002",
            "ignore_public_acls": true,
            "restrict_public_buckets": true
          },
          "sensitive_attributes": [],
          "private": "bnVsbA==",
          "dependencies": [
            "module.terraform_remote_state.module.terraform_remote_state.aws_s3_bucket.state"
          ]
        }
      ]
    },
    {
      "module": "module.terraform_remote_state.module.terraform_remote_state",
      "mode": "managed",
      "type": "aws_s3_bucket_replication_configuration",
      "name": "state",
      "provider": "provider[\"registry.terraform.io/hashicorp/aws\"]",
      "instances": [
        {
          "index_key": 0,
          "schema_version": 0,
          "attributes": {
            "bucket": "tf-remote-state20220401103228984300000002",
            "id": "tf-remote-state20220401103228984300000002",
            "role": "arn:aws:iam::009723183542:role/tf-remote-state-replication-role20220401103228976700000001",
            "rule": [
              {
                "delete_marker_replication": [],
                "destination": [
                  {
                    "access_control_translation": [],
                    "account": "",
                    "bucket": "arn:aws:s3:::tf-remote-state-replica20220401103228581300000001",
                    "encryption_configuration": [
                      {
                        "replica_kms_key_id": "arn:aws:kms:us-west-1:009723183542:key/43571ca1-77f2-4b2b-ad61-8c702d894356"
                      }
                    ],
                    "metrics": [],
                    "replication_time": [],
                    "storage_class": "STANDARD"
                  }
                ],
                "existing_object_replication": [],
                "filter": [],
                "id": "replica_configuration",
                "prefix": "",
                "priority": 0,
                "source_selection_criteria": [
                  {
                    "replica_modifications": [],
                    "sse_kms_encrypted_objects": [
                      {
                        "status": "Enabled"
                      }
                    ]
                  }
                ],
                "status": "Enabled"
              }
            ],
            "token": null
          },
          "sensitive_attributes": [],
          "private": "bnVsbA==",
          "dependencies": [
            "module.terraform_remote_state.module.terraform_remote_state.aws_iam_role.replication",
            "module.terraform_remote_state.module.terraform_remote_state.aws_kms_key.replica",
            "module.terraform_remote_state.module.terraform_remote_state.aws_s3_bucket.replica",
            "module.terraform_remote_state.module.terraform_remote_state.aws_s3_bucket.state",
            "module.terraform_remote_state.module.terraform_remote_state.aws_s3_bucket_versioning.state"
          ]
        }
      ]
    },
    {
      "module": "module.terraform_remote_state.module.terraform_remote_state",
      "mode": "managed",
      "type": "aws_s3_bucket_server_side_encryption_configuration",
      "name": "replica",
      "provider": "provider[\"registry.terraform.io/hashicorp/aws\"].replica",
      "instances": [
        {
          "index_key": 0,
          "schema_version": 0,
          "attributes": {
            "bucket": "tf-remote-state-replica20220401103228581300000001",
            "expected_bucket_owner": "",
            "id": "tf-remote-state-replica20220401103228581300000001",
            "rule": [
              {
                "apply_server_side_encryption_by_default": [
                  {
                    "kms_master_key_id": "arn:aws:kms:us-west-1:009723183542:key/43571ca1-77f2-4b2b-ad61-8c702d894356",
                    "sse_algorithm": "aws:kms"
                  }
                ],
                "bucket_key_enabled": false
              }
            ]
          },
          "sensitive_attributes": [],
          "private": "bnVsbA==",
          "dependencies": [
            "module.terraform_remote_state.module.terraform_remote_state.aws_kms_key.replica",
            "module.terraform_remote_state.module.terraform_remote_state.aws_s3_bucket.replica"
          ]
        }
      ]
    },
    {
      "module": "module.terraform_remote_state.module.terraform_remote_state",
      "mode": "managed",
      "type": "aws_s3_bucket_server_side_encryption_configuration",
      "name": "state",
      "provider": "provider[\"registry.terraform.io/hashicorp/aws\"]",
      "instances": [
        {
          "schema_version": 0,
          "attributes": {
            "bucket": "tf-remote-state20220401103228984300000002",
            "expected_bucket_owner": "",
            "id": "tf-remote-state20220401103228984300000002",
            "rule": [
              {
                "apply_server_side_encryption_by_default": [
                  {
                    "kms_master_key_id": "arn:aws:kms:us-east-1:009723183542:key/a94ee300-4f01-4001-97dd-c9fa14c9c41e",
                    "sse_algorithm": "aws:kms"
                  }
                ],
                "bucket_key_enabled": false
              }
            ]
          },
          "sensitive_attributes": [],
          "private": "bnVsbA==",
          "dependencies": [
            "module.terraform_remote_state.module.terraform_remote_state.aws_kms_key.this",
            "module.terraform_remote_state.module.terraform_remote_state.aws_s3_bucket.state"
          ]
        }
      ]
    },
    {
      "module": "module.terraform_remote_state.module.terraform_remote_state",
      "mode": "managed",
      "type": "aws_s3_bucket_versioning",
      "name": "replica",
      "provider": "provider[\"registry.terraform.io/hashicorp/aws\"].replica",
      "instances": [
        {
          "index_key": 0,
          "schema_version": 0,
          "attributes": {
            "bucket": "tf-remote-state-replica20220401103228581300000001",
            "expected_bucket_owner": "",
            "id": "tf-remote-state-replica20220401103228581300000001",
            "mfa": null,
            "versioning_configuration": [
              {
                "mfa_delete": "",
                "status": "Enabled"
              }
            ]
          },
          "sensitive_attributes": [],
          "private": "bnVsbA==",
          "dependencies": [
            "module.terraform_remote_state.module.terraform_remote_state.aws_s3_bucket.replica"
          ]
        }
      ]
    },
    {
      "module": "module.terraform_remote_state.module.terraform_remote_state",
      "mode": "managed",
      "type": "aws_s3_bucket_versioning",
      "name": "state",
      "provider": "provider[\"registry.terraform.io/hashicorp/aws\"]",
      "instances": [
        {
          "schema_version": 0,
          "attributes": {
            "bucket": "tf-remote-state20220401103228984300000002",
            "expected_bucket_owner": "",
            "id": "tf-remote-state20220401103228984300000002",
            "mfa": null,
            "versioning_configuration": [
              {
                "mfa_delete": "",
                "status": "Enabled"
              }
            ]
          },
          "sensitive_attributes": [],
          "private": "bnVsbA==",
          "dependencies": [
            "module.terraform_remote_state.module.terraform_remote_state.aws_s3_bucket.state"
          ]
        }
      ]
    }
  ]
}
